<?xml version="1.0" encoding="UTF-8" standalone="yes" ?>
<CodeBlocks_project_file>
	<FileVersion major="1" minor="6" />
	<Project>
		<Option title="cubeat_puzzle_test" />
		<Option pch_mode="2" />
		<Option compiler="gcc" />
		<Build>
			<Target title="Release">
				<Option output="bin\Release\cubeat_puzzle_test" prefix_auto="1" extension_auto="1" />
				<Option object_output="obj\Release\" />
				<Option type="1" />
				<Option compiler="gcc" />
				<Compiler>
					<Add option="-O2" />
					<Add directory="C:\lang\luarocks\2.0\include" />
				</Compiler>
				<Linker>
					<Add option="-s" />
					<Add library="C:\lang\luarocks\2.0\lua5.1.lib" />
					<Add directory="C:\lang\luarocks\2.0" />
				</Linker>
			</Target>
		</Build>
		<Compiler>
			<Add option="-Wall" />
			<Add option="-fexceptions" />
		</Compiler>
		<Unit filename="lua_utility.cpp" />
		<Unit filename="lua_utility.hpp" />
		<Unit filename="main.cpp" />
		<Unit filename="puzzle_binding.cpp" />
		<Unit filename="puzzle_binding.hpp" />
		<Unit filename="script\chain.lua" />
		<Unit filename="script\helpers.lua" />
		<Unit filename="script\maputils.lua" />
		<Unit filename="script\puzzle_gen.lua" />
		<Unit filename="script\puzzle_gen_interface.lua" />
		<Unit filename="script\test.lua" />
		<Unit filename="script\test2.lua" />
		<Extensions>
			<code_completion />
			<envvars />
			<debugger />
			<lib_finder disable_auto="1" />
		</Extensions>
	</Project>
</CodeBlocks_project_file>
